// !$*UTF8*$!
{
	archiveVersion = 1;
	classes = {
	};
	objectVersion = 77;
	objects = {

/* Begin PBXContainerItemProxy section */
		CC6A99492D230EFA00FAF433 /* PBXContainerItemProxy */ = {
			isa = PBXContainerItemProxy;
			containerPortal = CC6A99272D230EF900FAF433 /* Project object */;
			proxyType = 1;
			remoteGlobalIDString = CC6A992E2D230EF900FAF433;
			remoteInfo = HelloWorldGrettings;
		};
		CC6A99532D230EFA00FAF433 /* PBXContainerItemProxy */ = {
			isa = PBXContainerItemProxy;
			containerPortal = CC6A99272D230EF900FAF433 /* Project object */;
			proxyType = 1;
			remoteGlobalIDString = CC6A992E2D230EF900FAF433;
			remoteInfo = HelloWorldGrettings;
		};
/* End PBXContainerItemProxy section */

/* Begin PBXFileReference section */
		CC6A992F2D230EF900FAF433 /* HelloWorldGrettings.app */ = {isa = PBXFileReference; explicitFileType = wrapper.application; includeInIndex = 0; path = HelloWorldGrettings.app; sourceTree = BUILT_PRODUCTS_DIR; };
		CC6A99482D230EFA00FAF433 /* HelloWorldGrettingsTests.xctest */ = {isa = PBXFileReference; explicitFileType = wrapper.cfbundle; includeInIndex = 0; path = HelloWorldGrettingsTests.xctest; sourceTree = BUILT_PRODUCTS_DIR; };
		CC6A99522D230EFA00FAF433 /* HelloWorldGrettingsUITests.xctest */ = {isa = PBXFileReference; explicitFileType = wrapper.cfbundle; includeInIndex = 0; path = HelloWorldGrettingsUITests.xctest; sourceTree = BUILT_PRODUCTS_DIR; };
/* End PBXFileReference section */

/* Begin PBXFileSystemSynchronizedBuildFileExceptionSet section */
		CC6A99992D23119D00FAF433 /* Exceptions for "HelloWorldGrettings" folder in "HelloWorldGrettings" target */ = {
			isa = PBXFileSystemSynchronizedBuildFileExceptionSet;
			membershipExceptions = (
				HelloWorldGrettings.xcdatamodeld,
				Info.plist,
			);
			target = CC6A992E2D230EF900FAF433 /* HelloWorldGrettings */;
		};
/* End PBXFileSystemSynchronizedBuildFileExceptionSet section */

/* Begin PBXFileSystemSynchronizedGroupBuildPhaseMembershipExceptionSet section */
		CC6A999A2D23119D00FAF433 /* Exceptions for "HelloWorldGrettings" folder in "Compile Sources" phase from "HelloWorldGrettings" target */ = {
			isa = PBXFileSystemSynchronizedGroupBuildPhaseMembershipExceptionSet;
			buildPhase = CC6A992B2D230EF900FAF433 /* Sources */;
			membershipExceptions = (
				HelloWorldGrettings.xcdatamodeld,
			);
		};
/* End PBXFileSystemSynchronizedGroupBuildPhaseMembershipExceptionSet section */

/* Begin PBXFileSystemSynchronizedRootGroup section */
		CC6A994B2D230EFA00FAF433 /* HelloWorldGrettingsTests */ = {
			isa = PBXFileSystemSynchronizedRootGroup;
			path = HelloWorldGrettingsTests;
			sourceTree = "<group>";
		};
		CC6A99552D230EFA00FAF433 /* HelloWorldGrettingsUITests */ = {
			isa = PBXFileSystemSynchronizedRootGroup;
			path = HelloWorldGrettingsUITests;
			sourceTree = "<group>";
		};
		CC6A99912D23119D00FAF433 /* HelloWorldGrettings */ = {
			isa = PBXFileSystemSynchronizedRootGroup;
			exceptions = (
				CC6A99992D23119D00FAF433 /* Exceptions for "HelloWorldGrettings" folder in "HelloWorldGrettings" target */,
				CC6A999A2D23119D00FAF433 /* Exceptions for "HelloWorldGrettings" folder in "Compile Sources" phase from "HelloWorldGrettings" target */,
			);
			path = HelloWorldGrettings;
			sourceTree = "<group>";
		};
/* End PBXFileSystemSynchronizedRootGroup section */

/* Begin PBXFrameworksBuildPhase section */
		CC6A992C2D230EF900FAF433 /* Frameworks */ = {
			isa = PBXFrameworksBuildPhase;
			buildActionMask = 2147483647;
			files = (
			);
			runOnlyForDeploymentPostprocessing = 0;
		};
		CC6A99452D230EFA00FAF433 /* Frameworks */ = {
			isa = PBXFrameworksBuildPhase;
			buildActionMask = 2147483647;
			files = (
			);
			runOnlyForDeploymentPostprocessing = 0;
		};
		CC6A994F2D230EFA00FAF433 /* Frameworks */ = {
			isa = PBXFrameworksBuildPhase;
			buildActionMask = 2147483647;
			files = (
			);
			runOnlyForDeploymentPostprocessing = 0;
		};
/* End PBXFrameworksBuildPhase section */

/* Begin PBXGroup section */
		CC6A99262D230EF900FAF433 = {
			isa = PBXGroup;
			children = (
				CC6A99912D23119D00FAF433 /* HelloWorldGrettings */,
				CC6A994B2D230EFA00FAF433 /* HelloWorldGrettingsTests */,
				CC6A99552D230EFA00FAF433 /* HelloWorldGrettingsUITests */,
				CC6A99302D230EF900FAF433 /* Products */,
			);
			sourceTree = "<group>";
		};
		CC6A99302D230EF900FAF433 /* Products */ = {
			isa = PBXGroup;
			children = (
				CC6A992F2D230EF900FAF433 /* HelloWorldGrettings.app */,
				CC6A99482D230EFA00FAF433 /* HelloWorldGrettingsTests.xctest */,
				CC6A99522D230EFA00FAF433 /* HelloWorldGrettingsUITests.xctest */,
			);
			name = Products;
			sourceTree = "<group>";
		};
/* End PBXGroup section */

/* Begin PBXNativeTarget section */
		CC6A992E2D230EF900FAF433 /* HelloWorldGrettings */ = {
			isa = PBXNativeTarget;
			buildConfigurationList = CC6A995B2D230EFA00FAF433 /* Build configuration list for PBXNativeTarget "HelloWorldGrettings" */;
			buildPhases = (
				CC6A992B2D230EF900FAF433 /* Sources */,
				CC6A992C2D230EF900FAF433 /* Frameworks */,
				CC6A992D2D230EF900FAF433 /* Resources */,
			);
			buildRules = (
			);
			dependencies = (
			);
			fileSystemSynchronizedGroups = (
				CC6A99912D23119D00FAF433 /* HelloWorldGrettings */,
			);
			name = HelloWorldGrettings;
			packageProductDependencies = (
			);
			productName = HelloWorldGrettings;
			productReference = CC6A992F2D230EF900FAF433 /* HelloWorldGrettings.app */;
			productType = "com.apple.product-type.application";
		};
		CC6A99472D230EFA00FAF433 /* HelloWorldGrettingsTests */ = {
			isa = PBXNativeTarget;
			buildConfigurationList = CC6A99602D230EFA00FAF433 /* Build configuration list for PBXNativeTarget "HelloWorldGrettingsTests" */;
			buildPhases = (
				CC6A99442D230EFA00FAF433 /* Sources */,
				CC6A99452D230EFA00FAF433 /* Frameworks */,
				CC6A99462D230EFA00FAF433 /* Resources */,
			);
			buildRules = (
			);
			dependencies = (
				CC6A994A2D230EFA00FAF433 /* PBXTargetDependency */,
			);
			fileSystemSynchronizedGroups = (
				CC6A994B2D230EFA00FAF433 /* HelloWorldGrettingsTests */,
			);
			name = HelloWorldGrettingsTests;
			packageProductDependencies = (
			);
			productName = HelloWorldGrettingsTests;
			productReference = CC6A99482D230EFA00FAF433 /* HelloWorldGrettingsTests.xctest */;
			productType = "com.apple.product-type.bundle.unit-test";
		};
		CC6A99512D230EFA00FAF433 /* HelloWorldGrettingsUITests */ = {
			isa = PBXNativeTarget;
			buildConfigurationList = CC6A99632D230EFA00FAF433 /* Build configuration list for PBXNativeTarget "HelloWorldGrettingsUITests" */;
			buildPhases = (
				CC6A994E2D230EFA00FAF433 /* Sources */,
				CC6A994F2D230EFA00FAF433 /* Frameworks */,
				CC6A99502D230EFA00FAF433 /* Resources */,
			);
			buildRules = (
			);
			dependencies = (
				CC6A99542D230EFA00FAF433 /* PBXTargetDependency */,
			);
			fileSystemSynchronizedGroups = (
				CC6A99552D230EFA00FAF433 /* HelloWorldGrettingsUITests */,
			);
			name = HelloWorldGrettingsUITests;
			packageProductDependencies = (
			);
			productName = HelloWorldGrettingsUITests;
			productReference = CC6A99522D230EFA00FAF433 /* HelloWorldGrettingsUITests.xctest */;
			productType = "com.apple.product-type.bundle.ui-testing";
		};
/* End PBXNativeTarget section */

/* Begin PBXProject section */
		CC6A99272D230EF900FAF433 /* Project object */ = {
			isa = PBXProject;
			attributes = {
				BuildIndependentTargetsInParallel = 1;
				LastSwiftUpdateCheck = 1620;
				LastUpgradeCheck = 1620;
				TargetAttributes = {
					CC6A992E2D230EF900FAF433 = {
						CreatedOnToolsVersion = 16.2;
					};
					CC6A99472D230EFA00FAF433 = {
						CreatedOnToolsVersion = 16.2;
						TestTargetID = CC6A992E2D230EF900FAF433;
					};
					CC6A99512D230EFA00FAF433 = {
						CreatedOnToolsVersion = 16.2;
						TestTargetID = CC6A992E2D230EF900FAF433;
					};
				};
			};
			buildConfigurationList = CC6A992A2D230EF900FAF433 /* Build configuration list for PBXProject "HelloWorldGrettings" */;
			developmentRegion = en;
			hasScannedForEncodings = 0;
			knownRegions = (
				en,
				Base,
			);
			mainGroup = CC6A99262D230EF900FAF433;
			minimizedProjectReferenceProxies = 1;
			preferredProjectObjectVersion = 77;
			productRefGroup = CC6A99302D230EF900FAF433 /* Products */;
			projectDirPath = "";
			projectRoot = "";
			targets = (
				CC6A992E2D230EF900FAF433 /* HelloWorldGrettings */,
				CC6A99472D230EFA00FAF433 /* HelloWorldGrettingsTests */,
				CC6A99512D230EFA00FAF433 /* HelloWorldGrettingsUITests */,
			);
		};
/* End PBXProject section */

/* Begin PBXResourcesBuildPhase section */
		CC6A992D2D230EF900FAF433 /* Resources */ = {
			isa = PBXResourcesBuildPhase;
			buildActionMask = 2147483647;
			files = (
			);
			runOnlyForDeploymentPostprocessing = 0;
		};
		CC6A99462D230EFA00FAF433 /* Resources */ = {
			isa = PBXResourcesBuildPhase;
			buildActionMask = 2147483647;
			files = (
			);
			runOnlyForDeploymentPostprocessing = 0;
		};
		CC6A99502D230EFA00FAF433 /* Resources */ = {
			isa = PBXResourcesBuildPhase;
			buildActionMask = 2147483647;
			files = (
			);
			runOnlyForDeploymentPostprocessing = 0;
		};
/* End PBXResourcesBuildPhase section */

/* Begin PBXSourcesBuildPhase section */
		CC6A992B2D230EF900FAF433 /* Sources */ = {
			isa = PBXSourcesBuildPhase;
			buildActionMask = 2147483647;
			files = (
			);
			runOnlyForDeploymentPostprocessing = 0;
		};
		CC6A99442D230EFA00FAF433 /* Sources */ = {
			isa = PBXSourcesBuildPhase;
			buildActionMask = 2147483647;
			files = (
			);
			runOnlyForDeploymentPostprocessing = 0;
		};
		CC6A994E2D230EFA00FAF433 /* Sources */ = {
			isa = PBXSourcesBuildPhase;
			buildActionMask = 2147483647;
			files = (
			);
			runOnlyForDeploymentPostprocessing = 0;
		};
/* End PBXSourcesBuildPhase section */

/* Begin PBXTargetDependency section */
		CC6A994A2D230EFA00FAF433 /* PBXTargetDependency */ = {
			isa = PBXTargetDependency;
			target = CC6A992E2D230EF900FAF433 /* HelloWorldGrettings */;
			targetProxy = CC6A99492D230EFA00FAF433 /* PBXContainerItemProxy */;
		};
		CC6A99542D230EFA00FAF433 /* PBXTargetDependency */ = {
			isa = PBXTargetDependency;
			target = CC6A992E2D230EF900FAF433 /* HelloWorldGrettings */;
			targetProxy = CC6A99532D230EFA00FAF433 /* PBXContainerItemProxy */;
		};
/* End PBXTargetDependency section */

/* Begin XCBuildConfiguration section */
		CC6A995C2D230EFA00FAF433 /* Debug */ = {
			isa = XCBuildConfiguration;
			buildSettings = {
				ASSETCATALOG_COMPILER_APPICON_NAME = AppIcon;
				ASSETCATALOG_COMPILER_GLOBAL_ACCENT_COLOR_NAME = AccentColor;
				CODE_SIGN_STYLE = Automatic;
				CURRENT_PROJECT_VERSION = 1;
				GENERATE_INFOPLIST_FILE = YES;
				INFOPLIST_FILE = HelloWorldGrettings/Info.plist;
				INFOPLIST_KEY_UIApplicationSupportsIndirectInputEvents = YES;
				INFOPLIST_KEY_UILaunchStoryboardName = LaunchScreen;
				INFOPLIST_KEY_UIMainStoryboardFile = Main;
				INFOPLIST_KEY_UISupportedInterfaceOrientations_iPad = "UIInterfaceOrientationPortrait UIInterfaceOrientationPortraitUpsideDown UIInterfaceOrientationLandscapeLeft UIInterfaceOrientationLandscapeRight";
				INFOPLIST_KEY_UISupportedInterfaceOrientations_iPhone = "UIInterfaceOrientationPortrait UIInterfaceOrientationLandscapeLeft UIInterfaceOrientationLandscapeRight";
				LD_RUNPATH_SEARCH_PATHS = (
					"$(inherited)",
					"@executable_path/Frameworks",
				);
				MARKETING_VERSION = 1.0;
				PRODUCT_BUNDLE_IDENTIFIER = br.com.HelloWorldGrettings;
				PRODUCT_NAME = "$(TARGET_NAME)";
				SWIFT_EMIT_LOC_STRINGS = YES;
				SWIFT_VERSION = 5.0;
				TARGETED_DEVICE_FAMILY = "1,2";
			};
			name = Debug;
		};
		CC6A995D2D230EFA00FAF433 /* Release */ = {
			isa = XCBuildConfiguration;
			buildSettings = {
				ASSETCATALOG_COMPILER_APPICON_NAME = AppIcon;
				ASSETCATALOG_COMPILER_GLOBAL_ACCENT_COLOR_NAME = AccentColor;
				CODE_SIGN_STYLE = Automatic;
				CURRENT_PROJECT_VERSION = 1;
				GENERATE_INFOPLIST_FILE = YES;
				INFOPLIST_FILE = HelloWorldGrettings/Info.plist;
				INFOPLIST_KEY_UIApplicationSupportsIndirectInputEvents = YES;
				INFOPLIST_KEY_UILaunchStoryboardName = LaunchScreen;
				INFOPLIST_KEY_UIMainStoryboardFile = Main;
				INFOPLIST_KEY_UISupportedInterfaceOrientations_iPad = "UIInterfaceOrientationPortrait UIInterfaceOrientationPortraitUpsideDown UIInterfaceOrientationLandscapeLeft UIInterfaceOrientationLandscapeRight";
				INFOPLIST_KEY_UISupportedInterfaceOrientations_iPhone = "UIInterfaceOrientationPortrait UIInterfaceOrientationLandscapeLeft UIInterfaceOrientationLandscapeRight";
				LD_RUNPATH_SEARCH_PATHS = (
					"$(inherited)",
					"@executable_path/Frameworks",
				);
				MARKETING_VERSION = 1.0;
				PRODUCT_BUNDLE_IDENTIFIER = br.com.HelloWorldGrettings;
				PRODUCT_NAME = "$(TARGET_NAME)";
				SWIFT_EMIT_LOC_STRINGS = YES;
				SWIFT_VERSION = 5.0;
				TARGETED_DEVICE_FAMILY = "1,2";
			};
			name = Release;
		};
		CC6A995E2D230EFA00FAF433 /* Debug */ = {
			isa = XCBuildConfiguration;
			buildSettings = {
				ALWAYS_SEARCH_USER_PATHS = NO;
				ASSETCATALOG_COMPILER_GENERATE_SWIFT_ASSET_SYMBOL_EXTENSIONS = YES;
				CLANG_ANALYZER_NONNULL = YES;
				CLANG_ANALYZER_NUMBER_OBJECT_CONVERSION = YES_AGGRESSIVE;
				CLANG_CXX_LANGUAGE_STANDARD = "gnu++20";
				CLANG_ENABLE_MODULES = YES;
				CLANG_ENABLE_OBJC_ARC = YES;
				CLANG_ENABLE_OBJC_WEAK = YES;
				CLANG_WARN_BLOCK_CAPTURE_AUTORELEASING = YES;
				CLANG_WARN_BOOL_CONVERSION = YES;
				CLANG_WARN_COMMA = YES;
				CLANG_WARN_CONSTANT_CONVERSION = YES;
				CLANG_WARN_DEPRECATED_OBJC_IMPLEMENTATIONS = YES;
				CLANG_WARN_DIRECT_OBJC_ISA_USAGE = YES_ERROR;
				CLANG_WARN_DOCUMENTATION_COMMENTS = YES;
				CLANG_WARN_EMPTY_BODY = YES;
				CLANG_WARN_ENUM_CONVERSION = YES;
				CLANG_WARN_INFINITE_RECURSION = YES;
				CLANG_WARN_INT_CONVERSION = YES;
				CLANG_WARN_NON_LITERAL_NULL_CONVERSION = YES;
				CLANG_WARN_OBJC_IMPLICIT_RETAIN_SELF = YES;
				CLANG_WARN_OBJC_LITERAL_CONVERSION = YES;
				CLANG_WARN_OBJC_ROOT_CLASS = YES_ERROR;
				CLANG_WARN_QUOTED_INCLUDE_IN_FRAMEWORK_HEADER = YES;
				CLANG_WARN_RANGE_LOOP_ANALYSIS = YES;
				CLANG_WARN_STRICT_PROTOTYPES = YES;
				CLANG_WARN_SUSPICIOUS_MOVE = YES;
				CLANG_WARN_UNGUARDED_AVAILABILITY = YES_AGGRESSIVE;
				CLANG_WARN_UNREACHABLE_CODE = YES;
				CLANG_WARN__DUPLICATE_METHOD_MATCH = YES;
				COPY_PHASE_STRIP = NO;
				DEBUG_INFORMATION_FORMAT = dwarf;
				ENABLE_STRICT_OBJC_MSGSEND = YES;
				ENABLE_TESTABILITY = YES;
				ENABLE_USER_SCRIPT_SANDBOXING = YES;
				GCC_C_LANGUAGE_STANDARD = gnu17;
				GCC_DYNAMIC_NO_PIC = NO;
				GCC_NO_COMMON_BLOCKS = YES;
				GCC_OPTIMIZATION_LEVEL = 0;
				GCC_PREPROCESSOR_DEFINITIONS = (
					"DEBUG=1",
					"$(inherited)",
				);
				GCC_WARN_64_TO_32_BIT_CONVERSION = YES;
				GCC_WARN_ABOUT_RETURN_TYPE = YES_ERROR;
				GCC_WARN_UNDECLARED_SELECTOR = YES;
				GCC_WARN_UNINITIALIZED_AUTOS = YES_AGGRESSIVE;
				GCC_WARN_UNUSED_FUNCTION = YES;
				GCC_WARN_UNUSED_VARIABLE = YES;
				IPHONEOS_DEPLOYMENT_TARGET = 18.2;
				LOCALIZATION_PREFERS_STRING_CATALOGS = YES;
				MTL_ENABLE_DEBUG_INFO = INCLUDE_SOURCE;
				MTL_FAST_MATH = YES;
				ONLY_ACTIVE_ARCH = YES;
				SDKROOT = iphoneos;
				SWIFT_ACTIVE_COMPILATION_CONDITIONS = "DEBUG $(inherited)";
				SWIFT_OPTIMIZATION_LEVEL = "-Onone";
			};
			name = Debug;
		};
		CC6A995F2D230EFA00FAF433 /* Release */ = {
			isa = XCBuildConfiguration;
			buildSettings = {
				ALWAYS_SEARCH_USER_PATHS = NO;
				ASSETCATALOG_COMPILER_GENERATE_SWIFT_ASSET_SYMBOL_EXTENSIONS = YES;
				CLANG_ANALYZER_NONNULL = YES;
				CLANG_ANALYZER_NUMBER_OBJECT_CONVERSION = YES_AGGRESSIVE;
				CLANG_CXX_LANGUAGE_STANDARD = "gnu++20";
				CLANG_ENABLE_MODULES = YES;
				CLANG_ENABLE_OBJC_ARC = YES;
				CLANG_ENABLE_OBJC_WEAK = YES;
				CLANG_WARN_BLOCK_CAPTURE_AUTORELEASING = YES;
				CLANG_WARN_BOOL_CONVERSION = YES;
				CLANG_WARN_COMMA = YES;
				CLANG_WARN_CONSTANT_CONVERSION = YES;
				CLANG_WARN_DEPRECATED_OBJC_IMPLEMENTATIONS = YES;
				CLANG_WARN_DIRECT_OBJC_ISA_USAGE = YES_ERROR;
				CLANG_WARN_DOCUMENTATION_COMMENTS = YES;
				CLANG_WARN_EMPTY_BODY = YES;
				CLANG_WARN_ENUM_CONVERSION = YES;
				CLANG_WARN_INFINITE_RECURSION = YES;
				CLANG_WARN_INT_CONVERSION = YES;
				CLANG_WARN_NON_LITERAL_NULL_CONVERSION = YES;
				CLANG_WARN_OBJC_IMPLICIT_RETAIN_SELF = YES;
				CLANG_WARN_OBJC_LITERAL_CONVERSION = YES;
				CLANG_WARN_OBJC_ROOT_CLASS = YES_ERROR;
				CLANG_WARN_QUOTED_INCLUDE_IN_FRAMEWORK_HEADER = YES;
				CLANG_WARN_RANGE_LOOP_ANALYSIS = YES;
				CLANG_WARN_STRICT_PROTOTYPES = YES;
				CLANG_WARN_SUSPICIOUS_MOVE = YES;
				CLANG_WARN_UNGUARDED_AVAILABILITY = YES_AGGRESSIVE;
				CLANG_WARN_UNREACHABLE_CODE = YES;
				CLANG_WARN__DUPLICATE_METHOD_MATCH = YES;
				COPY_PHASE_STRIP = NO;
				DEBUG_INFORMATION_FORMAT = "dwarf-with-dsym";
				ENABLE_NS_ASSERTIONS = NO;
				ENABLE_STRICT_OBJC_MSGSEND = YES;
				ENABLE_USER_SCRIPT_SANDBOXING = YES;
				GCC_C_LANGUAGE_STANDARD = gnu17;
				GCC_NO_COMMON_BLOCKS = YES;
				GCC_WARN_64_TO_32_BIT_CONVERSION = YES;
				GCC_WARN_ABOUT_RETURN_TYPE = YES_ERROR;
				GCC_WARN_UNDECLARED_SELECTOR = YES;
				GCC_WARN_UNINITIALIZED_AUTOS = YES_AGGRESSIVE;
				GCC_WARN_UNUSED_FUNCTION = YES;
				GCC_WARN_UNUSED_VARIABLE = YES;
				IPHONEOS_DEPLOYMENT_TARGET = 18.2;
				LOCALIZATION_PREFERS_STRING_CATALOGS = YES;
				MTL_ENABLE_DEBUG_INFO = NO;
				MTL_FAST_MATH = YES;
				SDKROOT = iphoneos;
				SWIFT_COMPILATION_MODE = wholemodule;
				VALIDATE_PRODUCT = YES;
			};
			name = Release;
		};
		CC6A99612D230EFA00FAF433 /* Debug */ = {
			isa = XCBuildConfiguration;
			buildSettings = {
				BUNDLE_LOADER = "$(TEST_HOST)";
				CODE_SIGN_STYLE = Automatic;
				CURRENT_PROJECT_VERSION = 1;
				GENERATE_INFOPLIST_FILE = YES;
				IPHONEOS_DEPLOYMENT_TARGET = 18.2;
				MARKETING_VERSION = 1.0;
				PRODUCT_BUNDLE_IDENTIFIER = br.com.HelloWorldGrettingsTests;
				PRODUCT_NAME = "$(TARGET_NAME)";
				SWIFT_EMIT_LOC_STRINGS = NO;
				SWIFT_VERSION = 5.0;
				TARGETED_DEVICE_FAMILY = "1,2";
				TEST_HOST = "$(BUILT_PRODUCTS_DIR)/HelloWorldGrettings.app/$(BUNDLE_EXECUTABLE_FOLDER_PATH)/HelloWorldGrettings";
			};
			name = Debug;
		};
		CC6A99622D230EFA00FAF433 /* Release */ = {
			isa = XCBuildConfiguration;
			buildSettings = {
				BUNDLE_LOADER = "$(TEST_HOST)";
				CODE_SIGN_STYLE = Automatic;
				CURRENT_PROJECT_VERSION = 1;
				GENERATE_INFOPLIST_FILE = YES;
				IPHONEOS_DEPLOYMENT_TARGET = 18.2;
				MARKETING_VERSION = 1.0;
				PRODUCT_BUNDLE_IDENTIFIER = br.com.HelloWorldGrettingsTests;
				PRODUCT_NAME = "$(TARGET_NAME)";
				SWIFT_EMIT_LOC_STRINGS = NO;
				SWIFT_VERSION = 5.0;
				TARGETED_DEVICE_FAMILY = "1,2";
				TEST_HOST = "$(BUILT_PRODUCTS_DIR)/HelloWorldGrettings.app/$(BUNDLE_EXECUTABLE_FOLDER_PATH)/HelloWorldGrettings";
			};
			name = Release;
		};
		CC6A99642D230EFA00FAF433 /* Debug */ = {
			isa = XCBuildConfiguration;
			buildSettings = {
				CODE_SIGN_STYLE = Automatic;
				CURRENT_PROJECT_VERSION = 1;
				GENERATE_INFOPLIST_FILE = YES;
				MARKETING_VERSION = 1.0;
				PRODUCT_BUNDLE_IDENTIFIER = br.com.HelloWorldGrettingsUITests;
				PRODUCT_NAME = "$(TARGET_NAME)";
				SWIFT_EMIT_LOC_STRINGS = NO;
				SWIFT_VERSION = 5.0;
				TARGETED_DEVICE_FAMILY = "1,2";
				TEST_TARGET_NAME = HelloWorldGrettings;
			};
			name = Debug;
		};
		CC6A99652D230EFA00FAF433 /* Release */ = {
			isa = XCBuildConfiguration;
			buildSettings = {
				CODE_SIGN_STYLE = Automatic;
				CURRENT_PROJECT_VERSION = 1;
				GENERATE_INFOPLIST_FILE = YES;
				MARKETING_VERSION = 1.0;
				PRODUCT_BUNDLE_IDENTIFIER = br.com.HelloWorldGrettingsUITests;
				PRODUCT_NAME = "$(TARGET_NAME)";
				SWIFT_EMIT_LOC_STRINGS = NO;
				SWIFT_VERSION = 5.0;
				TARGETED_DEVICE_FAMILY = "1,2";
				TEST_TARGET_NAME = HelloWorldGrettings;
			};
			name = Release;
		};
/* End XCBuildConfiguration section */

/* Begin XCConfigurationList section */
		CC6A992A2D230EF900FAF433 /* Build configuration list for PBXProject "HelloWorldGrettings" */ = {
			isa = XCConfigurationList;
			buildConfigurations = (
				CC6A995E2D230EFA00FAF433 /* Debug */,
				CC6A995F2D230EFA00FAF433 /* Release */,
			);
			defaultConfigurationIsVisible = 0;
			defaultConfigurationName = Release;
		};
		CC6A995B2D230EFA00FAF433 /* Build configuration list for PBXNativeTarget "HelloWorldGrettings" */ = {
			isa = XCConfigurationList;
			buildConfigurations = (
				CC6A995C2D230EFA00FAF433 /* Debug */,
				CC6A995D2D230EFA00FAF433 /* Release */,
			);
			defaultConfigurationIsVisible = 0;
			defaultConfigurationName = Release;
		};
		CC6A99602D230EFA00FAF433 /* Build configuration list for PBXNativeTarget "HelloWorldGrettingsTests" */ = {
			isa = XCConfigurationList;
			buildConfigurations = (
				CC6A99612D230EFA00FAF433 /* Debug */,
				CC6A99622D230EFA00FAF433 /* Release */,
			);
			defaultConfigurationIsVisible = 0;
			defaultConfigurationName = Release;
		};
		CC6A99632D230EFA00FAF433 /* Build configuration list for PBXNativeTarget "HelloWorldGrettingsUITests" */ = {
			isa = XCConfigurationList;
			buildConfigurations = (
				CC6A99642D230EFA00FAF433 /* Debug */,
				CC6A99652D230EFA00FAF433 /* Release */,
			);
			defaultConfigurationIsVisible = 0;
			defaultConfigurationName = Release;
		};
/* End XCConfigurationList section */
	};
	rootObject = CC6A99272D230EF900FAF433 /* Project object */;
}
